
Microsoft Visual Studio Solution File, Format Version 12.00
# Visual Studio Version 17
VisualStudioVersion = 17.14.36221.1 d17.14
MinimumVisualStudioVersion = 10.0.40219.1
Project("{FAE04EC0-301F-11D3-BF4B-00C04F79EFBC}") = "ConsoleApp1", "ConsoleApp1\ConsoleApp1.csproj", "{C39ED5E3-5416-441E-91A4-00B0FFD4A921}"
EndProject
Global
	GlobalSection(SolutionConfigurationPlatforms) = preSolution
		Debug|Any CPU = Debug|Any CPU
		Release|Any CPU = Release|Any CPU
	EndGlobalSection
	GlobalSection(ProjectConfigurationPlatforms) = postSolution
		{C39ED5E3-5416-441E-91A4-00B0FFD4A921}.Debug|Any CPU.ActiveCfg = Debug|Any CPU
		{C39ED5E3-5416-441E-91A4-00B0FFD4A921}.Debug|Any CPU.Build.0 = Debug|Any CPU
		{C39ED5E3-5416-441E-91A4-00B0FFD4A921}.Release|Any CPU.ActiveCfg = Release|Any CPU
		{C39ED5E3-5416-441E-91A4-00B0FFD4A921}.Release|Any CPU.Build.0 = Release|Any CPU
	EndGlobalSection
	GlobalSection(SolutionProperties) = preSolution
		HideSolutionNode = FALSE
	EndGlobalSection
	GlobalSection(ExtensibilityGlobals) = postSolution
		SolutionGuid = {EE627094-F286-44F2-9A88-74F40BBD6542}
	EndGlobalSection
EndGlobal
